
Microsoft Visual Studio Solution File, Format Version 12.00
# Visual Studio 2013
VisualStudioVersion = 12.0.21005.1
MinimumVisualStudioVersion = 10.0.40219.1
Project("{FAE04EC0-301F-11D3-BF4B-00C04F79EFBC}") = "SepApplication02", "SepApplication02\SepApplication02.csproj", "{665C910C-CD8E-4EE0-9239-3921D1B39BAC}"
EndProject
Project("{FAE04EC0-301F-11D3-BF4B-00C04F79EFBC}") = "SepApplication02.Tests", "SepApplication02.Tests\SepApplication02.Tests.csproj", "{6B97BE5A-E00D-496C-BA80-39081FB36282}"
EndProject
Global
	GlobalSection(SolutionConfigurationPlatforms) = preSolution
		Debug|Any CPU = Debug|Any CPU
		Release|Any CPU = Release|Any CPU
	EndGlobalSection
	GlobalSection(ProjectConfigurationPlatforms) = postSolution
		{665C910C-CD8E-4EE0-9239-3921D1B39BAC}.Debug|Any CPU.ActiveCfg = Debug|Any CPU
		{665C910C-CD8E-4EE0-9239-3921D1B39BAC}.Debug|Any CPU.Build.0 = Debug|Any CPU
		{665C910C-CD8E-4EE0-9239-3921D1B39BAC}.Release|Any CPU.ActiveCfg = Release|Any CPU
		{665C910C-CD8E-4EE0-9239-3921D1B39BAC}.Release|Any CPU.Build.0 = Release|Any CPU
		{6B97BE5A-E00D-496C-BA80-39081FB36282}.Debug|Any CPU.ActiveCfg = Debug|Any CPU
		{6B97BE5A-E00D-496C-BA80-39081FB36282}.Debug|Any CPU.Build.0 = Debug|Any CPU
		{6B97BE5A-E00D-496C-BA80-39081FB36282}.Release|Any CPU.ActiveCfg = Release|Any CPU
		{6B97BE5A-E00D-496C-BA80-39081FB36282}.Release|Any CPU.Build.0 = Release|Any CPU
	EndGlobalSection
	GlobalSection(SolutionProperties) = preSolution
		HideSolutionNode = FALSE
	EndGlobalSection
EndGlobal
